
Microsoft Visual Studio Solution File, Format Version 12.00
# Visual Studio Version 16
VisualStudioVersion = 16.0.30804.86
MinimumVisualStudioVersion = 10.0.40219.1
Project("{FAE04EC0-301F-11D3-BF4B-00C04F79EFBC}") = "Presentacion", "Presentacion\Presentacion.csproj", "{808280DD-014A-43CC-B0B7-34EE3B80B54E}"
EndProject
Project("{FAE04EC0-301F-11D3-BF4B-00C04F79EFBC}") = "Datos", "Datos\Datos.csproj", "{EBEE0B48-8E02-4168-B908-EDA626805B75}"
EndProject
Project("{FAE04EC0-301F-11D3-BF4B-00C04F79EFBC}") = "Dominio", "Dominio\Dominio.csproj", "{60FEFAD5-CEDA-401B-A3E6-89796D35E810}"
EndProject
Project("{FAE04EC0-301F-11D3-BF4B-00C04F79EFBC}") = "Comun", "Comun\Comun.csproj", "{138D9DCE-CBBB-4196-AEEC-708FE010EFDB}"
EndProject
Global
	GlobalSection(SolutionConfigurationPlatforms) = preSolution
		Debug|Any CPU = Debug|Any CPU
		Debug|ProyectoShelby = Debug|ProyectoShelby
		Debug|x64 = Debug|x64
		Release|Any CPU = Release|Any CPU
		Release|ProyectoShelby = Release|ProyectoShelby
		Release|x64 = Release|x64
	EndGlobalSection
	GlobalSection(ProjectConfigurationPlatforms) = postSolution
		{808280DD-014A-43CC-B0B7-34EE3B80B54E}.Debug|Any CPU.ActiveCfg = Debug|Any CPU
		{808280DD-014A-43CC-B0B7-34EE3B80B54E}.Debug|Any CPU.Build.0 = Debug|Any CPU
		{808280DD-014A-43CC-B0B7-34EE3B80B54E}.Debug|ProyectoShelby.ActiveCfg = Debug|x64
		{808280DD-014A-43CC-B0B7-34EE3B80B54E}.Debug|ProyectoShelby.Build.0 = Debug|x64
		{808280DD-014A-43CC-B0B7-34EE3B80B54E}.Debug|x64.ActiveCfg = Debug|x64
		{808280DD-014A-43CC-B0B7-34EE3B80B54E}.Debug|x64.Build.0 = Debug|x64
		{808280DD-014A-43CC-B0B7-34EE3B80B54E}.Release|Any CPU.ActiveCfg = Release|Any CPU
		{808280DD-014A-43CC-B0B7-34EE3B80B54E}.Release|Any CPU.Build.0 = Release|Any CPU
		{808280DD-014A-43CC-B0B7-34EE3B80B54E}.Release|ProyectoShelby.ActiveCfg = Release|x64
		{808280DD-014A-43CC-B0B7-34EE3B80B54E}.Release|ProyectoShelby.Build.0 = Release|x64
		{808280DD-014A-43CC-B0B7-34EE3B80B54E}.Release|x64.ActiveCfg = Release|x64
		{808280DD-014A-43CC-B0B7-34EE3B80B54E}.Release|x64.Build.0 = Release|x64
		{EBEE0B48-8E02-4168-B908-EDA626805B75}.Debug|Any CPU.ActiveCfg = Debug|Any CPU
		{EBEE0B48-8E02-4168-B908-EDA626805B75}.Debug|Any CPU.Build.0 = Debug|Any CPU
		{EBEE0B48-8E02-4168-B908-EDA626805B75}.Debug|ProyectoShelby.ActiveCfg = Debug|Any CPU
		{EBEE0B48-8E02-4168-B908-EDA626805B75}.Debug|ProyectoShelby.Build.0 = Debug|Any CPU
		{EBEE0B48-8E02-4168-B908-EDA626805B75}.Debug|x64.ActiveCfg = Debug|x64
		{EBEE0B48-8E02-4168-B908-EDA626805B75}.Debug|x64.Build.0 = Debug|x64
		{EBEE0B48-8E02-4168-B908-EDA626805B75}.Release|Any CPU.ActiveCfg = Release|Any CPU
		{EBEE0B48-8E02-4168-B908-EDA626805B75}.Release|Any CPU.Build.0 = Release|Any CPU
		{EBEE0B48-8E02-4168-B908-EDA626805B75}.Release|ProyectoShelby.ActiveCfg = Release|x64
		{EBEE0B48-8E02-4168-B908-EDA626805B75}.Release|ProyectoShelby.Build.0 = Release|x64
		{EBEE0B48-8E02-4168-B908-EDA626805B75}.Release|x64.ActiveCfg = Release|x64
		{EBEE0B48-8E02-4168-B908-EDA626805B75}.Release|x64.Build.0 = Release|x64
		{60FEFAD5-CEDA-401B-A3E6-89796D35E810}.Debug|Any CPU.ActiveCfg = Debug|Any CPU
		{60FEFAD5-CEDA-401B-A3E6-89796D35E810}.Debug|Any CPU.Build.0 = Debug|Any CPU
		{60FEFAD5-CEDA-401B-A3E6-89796D35E810}.Debug|ProyectoShelby.ActiveCfg = Debug|Any CPU
		{60FEFAD5-CEDA-401B-A3E6-89796D35E810}.Debug|ProyectoShelby.Build.0 = Debug|Any CPU
		{60FEFAD5-CEDA-401B-A3E6-89796D35E810}.Debug|x64.ActiveCfg = Debug|x64
		{60FEFAD5-CEDA-401B-A3E6-89796D35E810}.Debug|x64.Build.0 = Debug|x64
		{60FEFAD5-CEDA-401B-A3E6-89796D35E810}.Release|Any CPU.ActiveCfg = Release|Any CPU
		{60FEFAD5-CEDA-401B-A3E6-89796D35E810}.Release|Any CPU.Build.0 = Release|Any CPU
		{60FEFAD5-CEDA-401B-A3E6-89796D35E810}.Release|ProyectoShelby.ActiveCfg = Release|x64
		{60FEFAD5-CEDA-401B-A3E6-89796D35E810}.Release|ProyectoShelby.Build.0 = Release|x64
		{60FEFAD5-CEDA-401B-A3E6-89796D35E810}.Release|x64.ActiveCfg = Release|x64
		{60FEFAD5-CEDA-401B-A3E6-89796D35E810}.Release|x64.Build.0 = Release|x64
		{138D9DCE-CBBB-4196-AEEC-708FE010EFDB}.Debug|Any CPU.ActiveCfg = Debug|Any CPU
		{138D9DCE-CBBB-4196-AEEC-708FE010EFDB}.Debug|Any CPU.Build.0 = Debug|Any CPU
		{138D9DCE-CBBB-4196-AEEC-708FE010EFDB}.Debug|ProyectoShelby.ActiveCfg = Debug|Any CPU
		{138D9DCE-CBBB-4196-AEEC-708FE010EFDB}.Debug|ProyectoShelby.Build.0 = Debug|Any CPU
		{138D9DCE-CBBB-4196-AEEC-708FE010EFDB}.Debug|x64.ActiveCfg = Debug|x64
		{138D9DCE-CBBB-4196-AEEC-708FE010EFDB}.Debug|x64.Build.0 = Debug|x64
		{138D9DCE-CBBB-4196-AEEC-708FE010EFDB}.Release|Any CPU.ActiveCfg = Release|Any CPU
		{138D9DCE-CBBB-4196-AEEC-708FE010EFDB}.Release|Any CPU.Build.0 = Release|Any CPU
		{138D9DCE-CBBB-4196-AEEC-708FE010EFDB}.Release|ProyectoShelby.ActiveCfg = Release|x64
		{138D9DCE-CBBB-4196-AEEC-708FE010EFDB}.Release|ProyectoShelby.Build.0 = Release|x64
		{138D9DCE-CBBB-4196-AEEC-708FE010EFDB}.Release|x64.ActiveCfg = Release|x64
		{138D9DCE-CBBB-4196-AEEC-708FE010EFDB}.Release|x64.Build.0 = Release|x64
	EndGlobalSection
	GlobalSection(SolutionProperties) = preSolution
		HideSolutionNode = FALSE
	EndGlobalSection
	GlobalSection(ExtensibilityGlobals) = postSolution
		SolutionGuid = {8E25F6EE-4269-45C1-B5E7-566FB6503F2B}
	EndGlobalSection
EndGlobal
